// !$*UTF8*$!
{
	archiveVersion = 1;
	classes = {
	};
	objectVersion = 56;
	objects = {

/* Begin PBXBuildFile section */
		385073392A9D7BC100B349C1 /* NSNotification+.swift in Sources */ = {isa = PBXBuildFile; fileRef = 385073382A9D7BC100B349C1 /* NSNotification+.swift */; };
		3850733B2A9D7C7E00B349C1 /* DateView.swift in Sources */ = {isa = PBXBuildFile; fileRef = 3850733A2A9D7C7E00B349C1 /* DateView.swift */; };
		3850733D2A9D7DB600B349C1 /* DateViewController.swift in Sources */ = {isa = PBXBuildFile; fileRef = 3850733C2A9D7DB600B349C1 /* DateViewController.swift */; };
		3850733F2A9D8E8600B349C1 /* DateFormat+.swift in Sources */ = {isa = PBXBuildFile; fileRef = 3850733E2A9D8E8600B349C1 /* DateFormat+.swift */; };
		3850738E2A9DB55C00B349C1 /* TitleViewController.swift in Sources */ = {isa = PBXBuildFile; fileRef = 3850738D2A9DB55B00B349C1 /* TitleViewController.swift */; };
		385073902A9DC76200B349C1 /* WebViewController.swift in Sources */ = {isa = PBXBuildFile; fileRef = 3850738F2A9DC76200B349C1 /* WebViewController.swift */; };
		38534B672A9EC77E00638175 /* APIService.swift in Sources */ = {isa = PBXBuildFile; fileRef = 38534B662A9EC77E00638175 /* APIService.swift */; };
		38534B692A9EEBE100638175 /* URLSessionViewController.swift in Sources */ = {isa = PBXBuildFile; fileRef = 38534B682A9EEBE100638175 /* URLSessionViewController.swift */; };
		38534B6E2A9F6F0100638175 /* APIKey.swift in Sources */ = {isa = PBXBuildFile; fileRef = 38534B6D2A9F6F0100638175 /* APIKey.swift */; };
		38534B712A9F8F9000638175 /* Photo.swift in Sources */ = {isa = PBXBuildFile; fileRef = 38534B702A9F8F9000638175 /* Photo.swift */; };
		38534B762AA01A7800638175 /* HomeViewController.swift in Sources */ = {isa = PBXBuildFile; fileRef = 38534B752AA01A7800638175 /* HomeViewController.swift */; };
		38534B782AA01A7F00638175 /* HomeView.swift in Sources */ = {isa = PBXBuildFile; fileRef = 38534B772AA01A7F00638175 /* HomeView.swift */; };
		38534B7B2AA0209C00638175 /* HomeViewProtocol.swift in Sources */ = {isa = PBXBuildFile; fileRef = 38534B7A2AA0209C00638175 /* HomeViewProtocol.swift */; };
		38895F712AA084890083AE46 /* URLSession.swift in Sources */ = {isa = PBXBuildFile; fileRef = 38895F702AA084890083AE46 /* URLSession.swift */; };
		38DEF4232A9C1D9B00E73464 /* AppDelegate.swift in Sources */ = {isa = PBXBuildFile; fileRef = 38DEF4222A9C1D9B00E73464 /* AppDelegate.swift */; };
		38DEF4252A9C1D9B00E73464 /* SceneDelegate.swift in Sources */ = {isa = PBXBuildFile; fileRef = 38DEF4242A9C1D9B00E73464 /* SceneDelegate.swift */; };
		38DEF42C2A9C1D9C00E73464 /* Assets.xcassets in Resources */ = {isa = PBXBuildFile; fileRef = 38DEF42B2A9C1D9C00E73464 /* Assets.xcassets */; };
		38DEF42F2A9C1D9C00E73464 /* LaunchScreen.storyboard in Resources */ = {isa = PBXBuildFile; fileRef = 38DEF42D2A9C1D9C00E73464 /* LaunchScreen.storyboard */; };
		38DEF43C2A9C1E8600E73464 /* SnapKit in Frameworks */ = {isa = PBXBuildFile; productRef = 38DEF43B2A9C1E8600E73464 /* SnapKit */; };
		38DEF43E2A9C1EA200E73464 /* AddViewController.swift in Sources */ = {isa = PBXBuildFile; fileRef = 38DEF43D2A9C1EA200E73464 /* AddViewController.swift */; };
		38DEF4402A9C1EC700E73464 /* .gitignore in Resources */ = {isa = PBXBuildFile; fileRef = 38DEF43F2A9C1EC700E73464 /* .gitignore */; };
		38DEF4432A9C242D00E73464 /* BaseViewController.swift in Sources */ = {isa = PBXBuildFile; fileRef = 38DEF4422A9C242D00E73464 /* BaseViewController.swift */; };
		38DEF4452A9C274700E73464 /* SearchViewController.swift in Sources */ = {isa = PBXBuildFile; fileRef = 38DEF4442A9C274700E73464 /* SearchViewController.swift */; };
		38DEF4492A9C2F9D00E73464 /* BaseView.swift in Sources */ = {isa = PBXBuildFile; fileRef = 38DEF4482A9C2F9D00E73464 /* BaseView.swift */; };
		38DEF44B2A9C2FF800E73464 /* AddView.swift in Sources */ = {isa = PBXBuildFile; fileRef = 38DEF44A2A9C2FF800E73464 /* AddView.swift */; };
		38DEF44E2A9C337400E73464 /* SearchView.swift in Sources */ = {isa = PBXBuildFile; fileRef = 38DEF44D2A9C337400E73464 /* SearchView.swift */; };
		38DEF4502A9C365D00E73464 /* BaseCollectionViewCell.swift in Sources */ = {isa = PBXBuildFile; fileRef = 38DEF44F2A9C365D00E73464 /* BaseCollectionViewCell.swift */; };
		38DEF4522A9C37F600E73464 /* SearchCollectionViewCell.swift in Sources */ = {isa = PBXBuildFile; fileRef = 38DEF4512A9C37F600E73464 /* SearchCollectionViewCell.swift */; };
/* End PBXBuildFile section */

/* Begin PBXFileReference section */
		385073382A9D7BC100B349C1 /* NSNotification+.swift */ = {isa = PBXFileReference; lastKnownFileType = sourcecode.swift; path = "NSNotification+.swift"; sourceTree = "<group>"; };
		3850733A2A9D7C7E00B349C1 /* DateView.swift */ = {isa = PBXFileReference; lastKnownFileType = sourcecode.swift; path = DateView.swift; sourceTree = "<group>"; };
		3850733C2A9D7DB600B349C1 /* DateViewController.swift */ = {isa = PBXFileReference; lastKnownFileType = sourcecode.swift; path = DateViewController.swift; sourceTree = "<group>"; };
		3850733E2A9D8E8600B349C1 /* DateFormat+.swift */ = {isa = PBXFileReference; lastKnownFileType = sourcecode.swift; path = "DateFormat+.swift"; sourceTree = "<group>"; };
		3850738D2A9DB55B00B349C1 /* TitleViewController.swift */ = {isa = PBXFileReference; lastKnownFileType = sourcecode.swift; path = TitleViewController.swift; sourceTree = "<group>"; };
		3850738F2A9DC76200B349C1 /* WebViewController.swift */ = {isa = PBXFileReference; lastKnownFileType = sourcecode.swift; path = WebViewController.swift; sourceTree = "<group>"; };
		38534B662A9EC77E00638175 /* APIService.swift */ = {isa = PBXFileReference; lastKnownFileType = sourcecode.swift; path = APIService.swift; sourceTree = "<group>"; };
		38534B682A9EEBE100638175 /* URLSessionViewController.swift */ = {isa = PBXFileReference; lastKnownFileType = sourcecode.swift; path = URLSessionViewController.swift; sourceTree = "<group>"; };
		38534B6D2A9F6F0100638175 /* APIKey.swift */ = {isa = PBXFileReference; lastKnownFileType = sourcecode.swift; path = APIKey.swift; sourceTree = "<group>"; };
		38534B702A9F8F9000638175 /* Photo.swift */ = {isa = PBXFileReference; lastKnownFileType = sourcecode.swift; path = Photo.swift; sourceTree = "<group>"; };
		38534B752AA01A7800638175 /* HomeViewController.swift */ = {isa = PBXFileReference; lastKnownFileType = sourcecode.swift; path = HomeViewController.swift; sourceTree = "<group>"; };
		38534B772AA01A7F00638175 /* HomeView.swift */ = {isa = PBXFileReference; lastKnownFileType = sourcecode.swift; path = HomeView.swift; sourceTree = "<group>"; };
		38534B7A2AA0209C00638175 /* HomeViewProtocol.swift */ = {isa = PBXFileReference; lastKnownFileType = sourcecode.swift; path = HomeViewProtocol.swift; sourceTree = "<group>"; };
		38895F702AA084890083AE46 /* URLSession.swift */ = {isa = PBXFileReference; lastKnownFileType = sourcecode.swift; path = URLSession.swift; sourceTree = "<group>"; };
		38895FB32AA181B50083AE46 /* SeSAC3PhotoGram.app */ = {isa = PBXFileReference; explicitFileType = wrapper.application; includeInIndex = 0; path = SeSAC3PhotoGram.app; sourceTree = BUILT_PRODUCTS_DIR; };
		38DEF4222A9C1D9B00E73464 /* AppDelegate.swift */ = {isa = PBXFileReference; lastKnownFileType = sourcecode.swift; path = AppDelegate.swift; sourceTree = "<group>"; };
		38DEF4242A9C1D9B00E73464 /* SceneDelegate.swift */ = {isa = PBXFileReference; lastKnownFileType = sourcecode.swift; path = SceneDelegate.swift; sourceTree = "<group>"; };
		38DEF42B2A9C1D9C00E73464 /* Assets.xcassets */ = {isa = PBXFileReference; lastKnownFileType = folder.assetcatalog; path = Assets.xcassets; sourceTree = "<group>"; };
		38DEF42E2A9C1D9C00E73464 /* Base */ = {isa = PBXFileReference; lastKnownFileType = file.storyboard; name = Base; path = Base.lproj/LaunchScreen.storyboard; sourceTree = "<group>"; };
		38DEF4302A9C1D9C00E73464 /* Info.plist */ = {isa = PBXFileReference; lastKnownFileType = text.plist.xml; path = Info.plist; sourceTree = "<group>"; };
		38DEF43D2A9C1EA200E73464 /* AddViewController.swift */ = {isa = PBXFileReference; lastKnownFileType = sourcecode.swift; path = AddViewController.swift; sourceTree = "<group>"; };
		38DEF43F2A9C1EC700E73464 /* .gitignore */ = {isa = PBXFileReference; lastKnownFileType = text; path = .gitignore; sourceTree = "<group>"; };
		38DEF4422A9C242D00E73464 /* BaseViewController.swift */ = {isa = PBXFileReference; lastKnownFileType = sourcecode.swift; path = BaseViewController.swift; sourceTree = "<group>"; };
		38DEF4442A9C274700E73464 /* SearchViewController.swift */ = {isa = PBXFileReference; lastKnownFileType = sourcecode.swift; path = SearchViewController.swift; sourceTree = "<group>"; };
		38DEF4482A9C2F9D00E73464 /* BaseView.swift */ = {isa = PBXFileReference; lastKnownFileType = sourcecode.swift; path = BaseView.swift; sourceTree = "<group>"; };
		38DEF44A2A9C2FF800E73464 /* AddView.swift */ = {isa = PBXFileReference; lastKnownFileType = sourcecode.swift; path = AddView.swift; sourceTree = "<group>"; };
		38DEF44D2A9C337400E73464 /* SearchView.swift */ = {isa = PBXFileReference; lastKnownFileType = sourcecode.swift; path = SearchView.swift; sourceTree = "<group>"; };
		38DEF44F2A9C365D00E73464 /* BaseCollectionViewCell.swift */ = {isa = PBXFileReference; lastKnownFileType = sourcecode.swift; path = BaseCollectionViewCell.swift; sourceTree = "<group>"; };
		38DEF4512A9C37F600E73464 /* SearchCollectionViewCell.swift */ = {isa = PBXFileReference; lastKnownFileType = sourcecode.swift; path = SearchCollectionViewCell.swift; sourceTree = "<group>"; };
/* End PBXFileReference section */

/* Begin PBXFrameworksBuildPhase section */
		38DEF41C2A9C1D9B00E73464 /* Frameworks */ = {
			isa = PBXFrameworksBuildPhase;
			buildActionMask = 2147483647;
			files = (
				38DEF43C2A9C1E8600E73464 /* SnapKit in Frameworks */,
			);
			runOnlyForDeploymentPostprocessing = 0;
		};
/* End PBXFrameworksBuildPhase section */

/* Begin PBXGroup section */
		385073372A9D7BB500B349C1 /* Extension */ = {
			isa = PBXGroup;
			children = (
				385073382A9D7BC100B349C1 /* NSNotification+.swift */,
				38895F702AA084890083AE46 /* URLSession.swift */,
				3850733E2A9D8E8600B349C1 /* DateFormat+.swift */,
			);
			path = Extension;
			sourceTree = "<group>";
		};
		385073862A9D9BE400B349C1 /* Frameworks */ = {
			isa = PBXGroup;
			children = (
			);
			name = Frameworks;
			sourceTree = "<group>";
		};
		38534B652A9EC77700638175 /* Network */ = {
			isa = PBXGroup;
			children = (
				38534B6D2A9F6F0100638175 /* APIKey.swift */,
				38534B662A9EC77E00638175 /* APIService.swift */,
				38534B682A9EEBE100638175 /* URLSessionViewController.swift */,
			);
			path = Network;
			sourceTree = "<group>";
		};
		38534B6F2A9F8F7800638175 /* Data */ = {
			isa = PBXGroup;
			children = (
				38534B702A9F8F9000638175 /* Photo.swift */,
			);
			path = Data;
			sourceTree = "<group>";
		};
		38534B792AA0208E00638175 /* Protocol */ = {
			isa = PBXGroup;
			children = (
				38534B7A2AA0209C00638175 /* HomeViewProtocol.swift */,
			);
			path = Protocol;
			sourceTree = "<group>";
		};
		38DEF4162A9C1D9B00E73464 = {
			isa = PBXGroup;
			children = (
				38895FB32AA181B50083AE46 /* SeSAC3PhotoGram.app */,
				385073862A9D9BE400B349C1 /* Frameworks */,
				38DEF4212A9C1D9B00E73464 /* SeSAC3PhotoGram */,
			);
			sourceTree = "<group>";
		};
		38DEF4212A9C1D9B00E73464 /* SeSAC3PhotoGram */ = {
			isa = PBXGroup;
			children = (
				38DEF43F2A9C1EC700E73464 /* .gitignore */,
				38DEF4302A9C1D9C00E73464 /* Info.plist */,
				38DEF42B2A9C1D9C00E73464 /* Assets.xcassets */,
				38DEF4362A9C1DBC00E73464 /* Application */,
				38534B6F2A9F8F7800638175 /* Data */,
				38DEF4372A9C1DC600E73464 /* Scene */,
				38DEF4462A9C2EC600E73464 /* Utils */,
			);
			path = SeSAC3PhotoGram;
			sourceTree = "<group>";
		};
		38DEF4362A9C1DBC00E73464 /* Application */ = {
			isa = PBXGroup;
			children = (
				38DEF4222A9C1D9B00E73464 /* AppDelegate.swift */,
				38DEF4242A9C1D9B00E73464 /* SceneDelegate.swift */,
			);
			path = Application;
			sourceTree = "<group>";
		};
		38DEF4372A9C1DC600E73464 /* Scene */ = {
			isa = PBXGroup;
			children = (
				38DEF4392A9C1DDC00E73464 /* Storyboard */,
				38DEF44C2A9C301300E73464 /* View */,
				38DEF4382A9C1DCD00E73464 /* ViewController */,
			);
			path = Scene;
			sourceTree = "<group>";
		};
		38DEF4382A9C1DCD00E73464 /* ViewController */ = {
			isa = PBXGroup;
			children = (
				38DEF43D2A9C1EA200E73464 /* AddViewController.swift */,
				3850733C2A9D7DB600B349C1 /* DateViewController.swift */,
				38DEF4442A9C274700E73464 /* SearchViewController.swift */,
				3850738D2A9DB55B00B349C1 /* TitleViewController.swift */,
				3850738F2A9DC76200B349C1 /* WebViewController.swift */,
				38534B752AA01A7800638175 /* HomeViewController.swift */,
			);
			path = ViewController;
			sourceTree = "<group>";
		};
		38DEF4392A9C1DDC00E73464 /* Storyboard */ = {
			isa = PBXGroup;
			children = (
				38DEF42D2A9C1D9C00E73464 /* LaunchScreen.storyboard */,
			);
			path = Storyboard;
			sourceTree = "<group>";
		};
		38DEF4462A9C2EC600E73464 /* Utils */ = {
			isa = PBXGroup;
			children = (
				38534B792AA0208E00638175 /* Protocol */,
				38DEF4472A9C2ECF00E73464 /* Base */,
				385073372A9D7BB500B349C1 /* Extension */,
				38534B652A9EC77700638175 /* Network */,
			);
			path = Utils;
			sourceTree = "<group>";
		};
		38DEF4472A9C2ECF00E73464 /* Base */ = {
			isa = PBXGroup;
			children = (
				38DEF44F2A9C365D00E73464 /* BaseCollectionViewCell.swift */,
				38DEF4482A9C2F9D00E73464 /* BaseView.swift */,
				38DEF4422A9C242D00E73464 /* BaseViewController.swift */,
			);
			path = Base;
			sourceTree = "<group>";
		};
		38DEF44C2A9C301300E73464 /* View */ = {
			isa = PBXGroup;
			children = (
				38DEF44A2A9C2FF800E73464 /* AddView.swift */,
				38534B772AA01A7F00638175 /* HomeView.swift */,
				3850733A2A9D7C7E00B349C1 /* DateView.swift */,
				38DEF4512A9C37F600E73464 /* SearchCollectionViewCell.swift */,
				38DEF44D2A9C337400E73464 /* SearchView.swift */,
			);
			path = View;
			sourceTree = "<group>";
		};
/* End PBXGroup section */

/* Begin PBXNativeTarget section */
		38DEF41E2A9C1D9B00E73464 /* SeSAC3PhotoGram */ = {
			isa = PBXNativeTarget;
			buildConfigurationList = 38DEF4332A9C1D9C00E73464 /* Build configuration list for PBXNativeTarget "SeSAC3PhotoGram" */;
			buildPhases = (
				38DEF41B2A9C1D9B00E73464 /* Sources */,
				38DEF41C2A9C1D9B00E73464 /* Frameworks */,
				38DEF41D2A9C1D9B00E73464 /* Resources */,
			);
			buildRules = (
			);
			dependencies = (
			);
			name = SeSAC3PhotoGram;
			packageProductDependencies = (
				38DEF43B2A9C1E8600E73464 /* SnapKit */,
			);
			productName = SeSAC3PhotoGram;
			productReference = 38895FB32AA181B50083AE46 /* SeSAC3PhotoGram.app */;
			productType = "com.apple.product-type.application";
		};
/* End PBXNativeTarget section */

/* Begin PBXProject section */
		38DEF4172A9C1D9B00E73464 /* Project object */ = {
			isa = PBXProject;
			attributes = {
				BuildIndependentTargetsInParallel = 1;
				LastSwiftUpdateCheck = 1430;
				LastUpgradeCheck = 1430;
				TargetAttributes = {
					38DEF41E2A9C1D9B00E73464 = {
						CreatedOnToolsVersion = 14.3.1;
					};
				};
			};
			buildConfigurationList = 38DEF41A2A9C1D9B00E73464 /* Build configuration list for PBXProject "SeSAC3PhotoGram" */;
			compatibilityVersion = "Xcode 14.0";
			developmentRegion = en;
			hasScannedForEncodings = 0;
			knownRegions = (
				en,
				Base,
			);
			mainGroup = 38DEF4162A9C1D9B00E73464;
			packageReferences = (
				38DEF43A2A9C1E8600E73464 /* XCRemoteSwiftPackageReference "SnapKit" */,
			);
			productRefGroup = 38DEF4162A9C1D9B00E73464;
			projectDirPath = "";
			projectRoot = "";
			targets = (
				38DEF41E2A9C1D9B00E73464 /* SeSAC3PhotoGram */,
			);
		};
/* End PBXProject section */

/* Begin PBXResourcesBuildPhase section */
		38DEF41D2A9C1D9B00E73464 /* Resources */ = {
			isa = PBXResourcesBuildPhase;
			buildActionMask = 2147483647;
			files = (
				38DEF4402A9C1EC700E73464 /* .gitignore in Resources */,
				38DEF42F2A9C1D9C00E73464 /* LaunchScreen.storyboard in Resources */,
				38DEF42C2A9C1D9C00E73464 /* Assets.xcassets in Resources */,
			);
			runOnlyForDeploymentPostprocessing = 0;
		};
/* End PBXResourcesBuildPhase section */

/* Begin PBXSourcesBuildPhase section */
		38DEF41B2A9C1D9B00E73464 /* Sources */ = {
			isa = PBXSourcesBuildPhase;
			buildActionMask = 2147483647;
			files = (
				38534B672A9EC77E00638175 /* APIService.swift in Sources */,
				38534B6E2A9F6F0100638175 /* APIKey.swift in Sources */,
				38895F712AA084890083AE46 /* URLSession.swift in Sources */,
				38DEF44B2A9C2FF800E73464 /* AddView.swift in Sources */,
				38DEF4452A9C274700E73464 /* SearchViewController.swift in Sources */,
				38534B712A9F8F9000638175 /* Photo.swift in Sources */,
				38534B782AA01A7F00638175 /* HomeView.swift in Sources */,
				38534B762AA01A7800638175 /* HomeViewController.swift in Sources */,
				38534B692A9EEBE100638175 /* URLSessionViewController.swift in Sources */,
				38DEF4502A9C365D00E73464 /* BaseCollectionViewCell.swift in Sources */,
				38DEF4232A9C1D9B00E73464 /* AppDelegate.swift in Sources */,
				38DEF4522A9C37F600E73464 /* SearchCollectionViewCell.swift in Sources */,
				3850733D2A9D7DB600B349C1 /* DateViewController.swift in Sources */,
				385073392A9D7BC100B349C1 /* NSNotification+.swift in Sources */,
				3850733B2A9D7C7E00B349C1 /* DateView.swift in Sources */,
				38DEF4432A9C242D00E73464 /* BaseViewController.swift in Sources */,
				38DEF44E2A9C337400E73464 /* SearchView.swift in Sources */,
				38DEF4492A9C2F9D00E73464 /* BaseView.swift in Sources */,
				38DEF43E2A9C1EA200E73464 /* AddViewController.swift in Sources */,
				3850733F2A9D8E8600B349C1 /* DateFormat+.swift in Sources */,
				38534B7B2AA0209C00638175 /* HomeViewProtocol.swift in Sources */,
				38DEF4252A9C1D9B00E73464 /* SceneDelegate.swift in Sources */,
				3850738E2A9DB55C00B349C1 /* TitleViewController.swift in Sources */,
				385073902A9DC76200B349C1 /* WebViewController.swift in Sources */,
			);
			runOnlyForDeploymentPostprocessing = 0;
		};
/* End PBXSourcesBuildPhase section */

/* Begin PBXVariantGroup section */
		38DEF42D2A9C1D9C00E73464 /* LaunchScreen.storyboard */ = {
			isa = PBXVariantGroup;
			children = (
				38DEF42E2A9C1D9C00E73464 /* Base */,
			);
			name = LaunchScreen.storyboard;
			sourceTree = "<group>";
		};
/* End PBXVariantGroup section */

/* Begin XCBuildConfiguration section */
		38DEF4312A9C1D9C00E73464 /* Debug */ = {
			isa = XCBuildConfiguration;
			buildSettings = {
				ALWAYS_SEARCH_USER_PATHS = NO;
				CLANG_ANALYZER_NONNULL = YES;
				CLANG_ANALYZER_NUMBER_OBJECT_CONVERSION = YES_AGGRESSIVE;
				CLANG_CXX_LANGUAGE_STANDARD = "gnu++20";
				CLANG_ENABLE_MODULES = YES;
				CLANG_ENABLE_OBJC_ARC = YES;
				CLANG_ENABLE_OBJC_WEAK = YES;
				CLANG_WARN_BLOCK_CAPTURE_AUTORELEASING = YES;
				CLANG_WARN_BOOL_CONVERSION = YES;
				CLANG_WARN_COMMA = YES;
				CLANG_WARN_CONSTANT_CONVERSION = YES;
				CLANG_WARN_DEPRECATED_OBJC_IMPLEMENTATIONS = YES;
				CLANG_WARN_DIRECT_OBJC_ISA_USAGE = YES_ERROR;
				CLANG_WARN_DOCUMENTATION_COMMENTS = YES;
				CLANG_WARN_EMPTY_BODY = YES;
				CLANG_WARN_ENUM_CONVERSION = YES;
				CLANG_WARN_INFINITE_RECURSION = YES;
				CLANG_WARN_INT_CONVERSION = YES;
				CLANG_WARN_NON_LITERAL_NULL_CONVERSION = YES;
				CLANG_WARN_OBJC_IMPLICIT_RETAIN_SELF = YES;
				CLANG_WARN_OBJC_LITERAL_CONVERSION = YES;
				CLANG_WARN_OBJC_ROOT_CLASS = YES_ERROR;
				CLANG_WARN_QUOTED_INCLUDE_IN_FRAMEWORK_HEADER = YES;
				CLANG_WARN_RANGE_LOOP_ANALYSIS = YES;
				CLANG_WARN_STRICT_PROTOTYPES = YES;
				CLANG_WARN_SUSPICIOUS_MOVE = YES;
				CLANG_WARN_UNGUARDED_AVAILABILITY = YES_AGGRESSIVE;
				CLANG_WARN_UNREACHABLE_CODE = YES;
				CLANG_WARN__DUPLICATE_METHOD_MATCH = YES;
				COPY_PHASE_STRIP = NO;
				DEBUG_INFORMATION_FORMAT = dwarf;
				ENABLE_STRICT_OBJC_MSGSEND = YES;
				ENABLE_TESTABILITY = YES;
				GCC_C_LANGUAGE_STANDARD = gnu11;
				GCC_DYNAMIC_NO_PIC = NO;
				GCC_NO_COMMON_BLOCKS = YES;
				GCC_OPTIMIZATION_LEVEL = 0;
				GCC_PREPROCESSOR_DEFINITIONS = (
					"DEBUG=1",
					"$(inherited)",
				);
				GCC_WARN_64_TO_32_BIT_CONVERSION = YES;
				GCC_WARN_ABOUT_RETURN_TYPE = YES_ERROR;
				GCC_WARN_UNDECLARED_SELECTOR = YES;
				GCC_WARN_UNINITIALIZED_AUTOS = YES_AGGRESSIVE;
				GCC_WARN_UNUSED_FUNCTION = YES;
				GCC_WARN_UNUSED_VARIABLE = YES;
				IPHONEOS_DEPLOYMENT_TARGET = 16.4;
				MTL_ENABLE_DEBUG_INFO = INCLUDE_SOURCE;
				MTL_FAST_MATH = YES;
				ONLY_ACTIVE_ARCH = YES;
				SDKROOT = iphoneos;
				SWIFT_ACTIVE_COMPILATION_CONDITIONS = DEBUG;
				SWIFT_OPTIMIZATION_LEVEL = "-Onone";
			};
			name = Debug;
		};
		38DEF4322A9C1D9C00E73464 /* Release */ = {
			isa = XCBuildConfiguration;
			buildSettings = {
				ALWAYS_SEARCH_USER_PATHS = NO;
				CLANG_ANALYZER_NONNULL = YES;
				CLANG_ANALYZER_NUMBER_OBJECT_CONVERSION = YES_AGGRESSIVE;
				CLANG_CXX_LANGUAGE_STANDARD = "gnu++20";
				CLANG_ENABLE_MODULES = YES;
				CLANG_ENABLE_OBJC_ARC = YES;
				CLANG_ENABLE_OBJC_WEAK = YES;
				CLANG_WARN_BLOCK_CAPTURE_AUTORELEASING = YES;
				CLANG_WARN_BOOL_CONVERSION = YES;
				CLANG_WARN_COMMA = YES;
				CLANG_WARN_CONSTANT_CONVERSION = YES;
				CLANG_WARN_DEPRECATED_OBJC_IMPLEMENTATIONS = YES;
				CLANG_WARN_DIRECT_OBJC_ISA_USAGE = YES_ERROR;
				CLANG_WARN_DOCUMENTATION_COMMENTS = YES;
				CLANG_WARN_EMPTY_BODY = YES;
				CLANG_WARN_ENUM_CONVERSION = YES;
				CLANG_WARN_INFINITE_RECURSION = YES;
				CLANG_WARN_INT_CONVERSION = YES;
				CLANG_WARN_NON_LITERAL_NULL_CONVERSION = YES;
				CLANG_WARN_OBJC_IMPLICIT_RETAIN_SELF = YES;
				CLANG_WARN_OBJC_LITERAL_CONVERSION = YES;
				CLANG_WARN_OBJC_ROOT_CLASS = YES_ERROR;
				CLANG_WARN_QUOTED_INCLUDE_IN_FRAMEWORK_HEADER = YES;
				CLANG_WARN_RANGE_LOOP_ANALYSIS = YES;
				CLANG_WARN_STRICT_PROTOTYPES = YES;
				CLANG_WARN_SUSPICIOUS_MOVE = YES;
				CLANG_WARN_UNGUARDED_AVAILABILITY = YES_AGGRESSIVE;
				CLANG_WARN_UNREACHABLE_CODE = YES;
				CLANG_WARN__DUPLICATE_METHOD_MATCH = YES;
				COPY_PHASE_STRIP = NO;
				DEBUG_INFORMATION_FORMAT = "dwarf-with-dsym";
				ENABLE_NS_ASSERTIONS = NO;
				ENABLE_STRICT_OBJC_MSGSEND = YES;
				GCC_C_LANGUAGE_STANDARD = gnu11;
				GCC_NO_COMMON_BLOCKS = YES;
				GCC_WARN_64_TO_32_BIT_CONVERSION = YES;
				GCC_WARN_ABOUT_RETURN_TYPE = YES_ERROR;
				GCC_WARN_UNDECLARED_SELECTOR = YES;
				GCC_WARN_UNINITIALIZED_AUTOS = YES_AGGRESSIVE;
				GCC_WARN_UNUSED_FUNCTION = YES;
				GCC_WARN_UNUSED_VARIABLE = YES;
				IPHONEOS_DEPLOYMENT_TARGET = 16.4;
				MTL_ENABLE_DEBUG_INFO = NO;
				MTL_FAST_MATH = YES;
				SDKROOT = iphoneos;
				SWIFT_COMPILATION_MODE = wholemodule;
				SWIFT_OPTIMIZATION_LEVEL = "-O";
				VALIDATE_PRODUCT = YES;
			};
			name = Release;
		};
		38DEF4342A9C1D9C00E73464 /* Debug */ = {
			isa = XCBuildConfiguration;
			buildSettings = {
				ASSETCATALOG_COMPILER_APPICON_NAME = AppIcon;
				ASSETCATALOG_COMPILER_GLOBAL_ACCENT_COLOR_NAME = AccentColor;
				CODE_SIGN_STYLE = Automatic;
				CURRENT_PROJECT_VERSION = 1;
				DEVELOPMENT_TEAM = 3UNP2C529F;
				GENERATE_INFOPLIST_FILE = YES;
				INFOPLIST_FILE = SeSAC3PhotoGram/Info.plist;
				INFOPLIST_KEY_UIApplicationSupportsIndirectInputEvents = YES;
				INFOPLIST_KEY_UILaunchStoryboardName = LaunchScreen;
				INFOPLIST_KEY_UISupportedInterfaceOrientations = UIInterfaceOrientationPortrait;
				INFOPLIST_KEY_UISupportedInterfaceOrientations_iPad = "UIInterfaceOrientationLandscapeLeft UIInterfaceOrientationLandscapeRight UIInterfaceOrientationPortrait UIInterfaceOrientationPortraitUpsideDown";
				IPHONEOS_DEPLOYMENT_TARGET = 16.4;
				LD_RUNPATH_SEARCH_PATHS = (
					"$(inherited)",
					"@executable_path/Frameworks",
				);
				MARKETING_VERSION = 1.0;
				PRODUCT_BUNDLE_IDENTIFIER = com.andyarchive.SeSAC3PhotoGram;
				PRODUCT_NAME = "$(TARGET_NAME)";
				SUPPORTED_PLATFORMS = "iphoneos iphonesimulator";
				SUPPORTS_MACCATALYST = NO;
				SUPPORTS_MAC_DESIGNED_FOR_IPHONE_IPAD = NO;
				SWIFT_EMIT_LOC_STRINGS = YES;
				SWIFT_VERSION = 5.0;
				TARGETED_DEVICE_FAMILY = 1;
			};
			name = Debug;
		};
		38DEF4352A9C1D9C00E73464 /* Release */ = {
			isa = XCBuildConfiguration;
			buildSettings = {
				ASSETCATALOG_COMPILER_APPICON_NAME = AppIcon;
				ASSETCATALOG_COMPILER_GLOBAL_ACCENT_COLOR_NAME = AccentColor;
				CODE_SIGN_STYLE = Automatic;
				CURRENT_PROJECT_VERSION = 1;
				DEVELOPMENT_TEAM = 3UNP2C529F;
				GENERATE_INFOPLIST_FILE = YES;
				INFOPLIST_FILE = SeSAC3PhotoGram/Info.plist;
				INFOPLIST_KEY_UIApplicationSupportsIndirectInputEvents = YES;
				INFOPLIST_KEY_UILaunchStoryboardName = LaunchScreen;
				INFOPLIST_KEY_UISupportedInterfaceOrientations = UIInterfaceOrientationPortrait;
				INFOPLIST_KEY_UISupportedInterfaceOrientations_iPad = "UIInterfaceOrientationLandscapeLeft UIInterfaceOrientationLandscapeRight UIInterfaceOrientationPortrait UIInterfaceOrientationPortraitUpsideDown";
				IPHONEOS_DEPLOYMENT_TARGET = 16.4;
				LD_RUNPATH_SEARCH_PATHS = (
					"$(inherited)",
					"@executable_path/Frameworks",
				);
				MARKETING_VERSION = 1.0;
				PRODUCT_BUNDLE_IDENTIFIER = com.andyarchive.SeSAC3PhotoGram;
				PRODUCT_NAME = "$(TARGET_NAME)";
				SUPPORTED_PLATFORMS = "iphoneos iphonesimulator";
				SUPPORTS_MACCATALYST = NO;
				SUPPORTS_MAC_DESIGNED_FOR_IPHONE_IPAD = NO;
				SWIFT_EMIT_LOC_STRINGS = YES;
				SWIFT_VERSION = 5.0;
				TARGETED_DEVICE_FAMILY = 1;
			};
			name = Release;
		};
/* End XCBuildConfiguration section */

/* Begin XCConfigurationList section */
		38DEF41A2A9C1D9B00E73464 /* Build configuration list for PBXProject "SeSAC3PhotoGram" */ = {
			isa = XCConfigurationList;
			buildConfigurations = (
				38DEF4312A9C1D9C00E73464 /* Debug */,
				38DEF4322A9C1D9C00E73464 /* Release */,
			);
			defaultConfigurationIsVisible = 0;
			defaultConfigurationName = Release;
		};
		38DEF4332A9C1D9C00E73464 /* Build configuration list for PBXNativeTarget "SeSAC3PhotoGram" */ = {
			isa = XCConfigurationList;
			buildConfigurations = (
				38DEF4342A9C1D9C00E73464 /* Debug */,
				38DEF4352A9C1D9C00E73464 /* Release */,
			);
			defaultConfigurationIsVisible = 0;
			defaultConfigurationName = Release;
		};
/* End XCConfigurationList section */

/* Begin XCRemoteSwiftPackageReference section */
		38DEF43A2A9C1E8600E73464 /* XCRemoteSwiftPackageReference "SnapKit" */ = {
			isa = XCRemoteSwiftPackageReference;
			repositoryURL = "https://github.com/SnapKit/SnapKit.git";
			requirement = {
				kind = upToNextMajorVersion;
				minimumVersion = 5.0.0;
			};
		};
/* End XCRemoteSwiftPackageReference section */

/* Begin XCSwiftPackageProductDependency section */
		38DEF43B2A9C1E8600E73464 /* SnapKit */ = {
			isa = XCSwiftPackageProductDependency;
			package = 38DEF43A2A9C1E8600E73464 /* XCRemoteSwiftPackageReference "SnapKit" */;
			productName = SnapKit;
		};
/* End XCSwiftPackageProductDependency section */
	};
	rootObject = 38DEF4172A9C1D9B00E73464 /* Project object */;
}
